<?xml version="1.0" encoding="utf-8"?>
<Project ToolsVersion="4.0" xmlns="http://schemas.microsoft.com/developer/msbuild/2003">
  <ItemGroup>
    <ClCompile Include="Main.cpp">
      <Filter>Main\Imple</Filter>
    </ClCompile>
    <ClCompile Include="MainDirective.cpp">
      <Filter>Main\MainDirective</Filter>
    </ClCompile>
    <ClCompile Include="Window_Class.cpp">
      <Filter>Window\Window Class</Filter>
    </ClCompile>
    <ClCompile Include="V3D.cpp">
      <Filter>Data Structures\Search\Unit\V3D</Filter>
    </ClCompile>
    <ClCompile Include="Edge.cpp">
      <Filter>Data Structures\Search\Unit\Edge</Filter>
    </ClCompile>
    <ClCompile Include="Camera.cpp">
      <Filter>Rendering\Camera\Imple</Filter>
    </ClCompile>
    <ClCompile Include="CameraParameters.cpp">
      <Filter>Rendering\Camera\Camera Parameters</Filter>
    </ClCompile>
    <ClCompile Include="DebuggingConsole.cpp">
      <Filter>GUI\Debug Console</Filter>
    </ClCompile>
    <ClCompile Include="EdgeList.cpp">
      <Filter>Data Structures\Search\Lists\Edge List</Filter>
    </ClCompile>
    <ClCompile Include="include\glad\glad.c">
      <Filter>Rendering\OpenGL\Imple</Filter>
    </ClCompile>
    <ClCompile Include="GraphicsBufferObjects.cpp">
      <Filter>Rendering\Graphics Buffer Objects</Filter>
    </ClCompile>
    <ClCompile Include="GraphicsData.cpp">
      <Filter>Data Structures\Graphics Data</Filter>
    </ClCompile>
    <ClCompile Include="Grid.cpp">
      <Filter>3D Objects\Grid</Filter>
    </ClCompile>
    <ClCompile Include="GUI.cpp">
      <Filter>GUI\Imple</Filter>
    </ClCompile>
    <ClCompile Include="include\IMGUI\imgui.cpp">
      <Filter>GUI\ImGUI Base Files</Filter>
    </ClCompile>
    <ClCompile Include="include\IMGUI\imgui_demo.cpp">
      <Filter>GUI\ImGUI Base Files</Filter>
    </ClCompile>
    <ClCompile Include="include\IMGUI\imgui_draw.cpp">
      <Filter>GUI\ImGUI Base Files</Filter>
    </ClCompile>
    <ClCompile Include="include\IMGUI\imgui_impl_glfw.cpp">
      <Filter>GUI\ImGUI Base Files</Filter>
    </ClCompile>
    <ClCompile Include="include\IMGUI\imgui_impl_opengl3.cpp">
      <Filter>GUI\ImGUI Base Files</Filter>
    </ClCompile>
    <ClCompile Include="include\IMGUI\imgui_tables.cpp">
      <Filter>GUI\ImGUI Base Files</Filter>
    </ClCompile>
    <ClCompile Include="include\IMGUI\imgui_widgets.cpp">
      <Filter>GUI\ImGUI Base Files</Filter>
    </ClCompile>
    <ClCompile Include="IndexedTriangle.cpp">
      <Filter>Data Structures\Search\Unit\IndexedTriangle</Filter>
    </ClCompile>
    <ClCompile Include="IndiceList.cpp">
      <Filter>Data Structures\Search\Lists\Indice List</Filter>
    </ClCompile>
    <ClCompile Include="Indices.cpp">
      <Filter>Data Structures\Search\Unit\Indices</Filter>
    </ClCompile>
    <ClCompile Include="KeyInput.cpp">
      <Filter>Window\Window API\KeyInput</Filter>
    </ClCompile>
    <ClCompile Include="LinearAlgebra.cpp">
      <Filter>Mathematics\Linear Algebra</Filter>
    </ClCompile>
    <ClCompile Include="MeshFileLoader.cpp">
      <Filter>File</Filter>
    </ClCompile>
    <ClCompile Include="Mesh.cpp">
      <Filter>Data Structures\Search\Mesh\Imple</Filter>
    </ClCompile>
    <ClCompile Include="Mesh_Manager.cpp">
      <Filter>Data Structures\Search\Mesh\Mesh Manager</Filter>
    </ClCompile>
    <ClCompile Include="MeshChangeLog.cpp">
      <Filter>Data Structures\Search\Mesh\Mesh Change Log\Imple</Filter>
    </ClCompile>
    <ClCompile Include="MeshHistory.cpp">
      <Filter>Data Structures\Search\Mesh\Mesh Change Log\Mesh History</Filter>
    </ClCompile>
    <ClCompile Include="MeshStats.cpp">
      <Filter>Data Structures\Search\Mesh\Stats</Filter>
    </ClCompile>
    <ClCompile Include="Octree.cpp">
      <Filter>Data Structures\Search\Octree\Imple\Base</Filter>
    </ClCompile>
    <ClCompile Include="OctreeVisualization.cpp">
      <Filter>Data Structures\Search\Octree\Octree Visualization</Filter>
    </ClCompile>
    <ClCompile Include="OctreeOctant.cpp">
      <Filter>Data Structures\Search\Octree\Imple\Octants Extension</Filter>
    </ClCompile>
    <ClCompile Include="OctreeElements.cpp">
      <Filter>Data Structures\Search\Octree\Imple\Elements</Filter>
    </ClCompile>
    <ClCompile Include="OctreeIntersection.cpp">
      <Filter>Data Structures\Search\Octree\Imple\Intersection</Filter>
    </ClCompile>
    <ClCompile Include="OpenGLWrapper.cpp">
      <Filter>Rendering\OpenGL\OpenGL Gummy Wrapper</Filter>
    </ClCompile>
    <ClCompile Include="RayCasting.cpp">
      <Filter>Mechanics\Ray Casting</Filter>
    </ClCompile>
    <ClCompile Include="Renderer.cpp">
      <Filter>Rendering\Renderer</Filter>
    </ClCompile>
    <ClCompile Include="Sampler.cpp">
      <Filter>Mechanics\Sampling\Imple</Filter>
    </ClCompile>
    <ClCompile Include="SamplerPayload.cpp">
      <Filter>Mechanics\Sampling\Sampler Payload</Filter>
    </ClCompile>
    <ClCompile Include="SculptBrush.cpp">
      <Filter>Mechanics\Sculpting\Imple</Filter>
    </ClCompile>
    <ClCompile Include="SculptPayload.cpp">
      <Filter>Mechanics\Sculpting\Sculpting Payload</Filter>
    </ClCompile>
    <ClCompile Include="Shader.cpp">
      <Filter>Rendering\Shaders\Shader\Imple</Filter>
    </ClCompile>
    <ClCompile Include="ShaderPosition.cpp">
      <Filter>Rendering\Shaders\Shader\Shader Position</Filter>
    </ClCompile>
    <ClCompile Include="Smoothing.cpp">
      <Filter>Mechanics\Sculpting\Sculpting Algos\Smooth</Filter>
    </ClCompile>
    <ClCompile Include="SubdivisionSurface.cpp">
      <Filter>Mechanics\Subdivision Surface</Filter>
    </ClCompile>
    <ClCompile Include="TopologyComputation.cpp">
      <Filter>Mathematics\Topology</Filter>
    </ClCompile>
    <ClCompile Include="TopBar.cpp">
      <Filter>GUI\Top Bar</Filter>
    </ClCompile>
    <ClCompile Include="TriangleOctantKeyPair.cpp">
      <Filter>Data Structures\Search\Octree\Octant\Triangle Octant Key Pair</Filter>
    </ClCompile>
    <ClCompile Include="TriangleOctantKeyPairList.cpp">
      <Filter>Data Structures\Search\Octree\Octant\Triangle Octant Key Pair List</Filter>
    </ClCompile>
    <ClCompile Include="Window_API.cpp">
      <Filter>Window\Window API\Base Imple</Filter>
    </ClCompile>
    <ClCompile Include="TriangleLookUp.cpp">
      <Filter>Data Structures\Search\Look Up\Triangle Look Up</Filter>
    </ClCompile>
    <ClCompile Include="VertexLookUp.cpp">
      <Filter>Data Structures\Search\Look Up\Vertex Look Up</Filter>
    </ClCompile>
    <ClCompile Include="VertexList.cpp">
      <Filter>Data Structures\Search\Lists\Vertex List</Filter>
    </ClCompile>
    <ClCompile Include="TriangleList.cpp">
      <Filter>Data Structures\Search\Lists\Triangle List</Filter>
    </ClCompile>
    <ClCompile Include="VisualObjects.cpp">
      <Filter>3D Objects\Visual Objects</Filter>
    </ClCompile>
    <ClCompile Include="ToolsWindow.cpp">
      <Filter>GUI\Tools Window</Filter>
    </ClCompile>
    <ClCompile Include="Noise.cpp">
      <Filter>Mechanics\Sculpting\Sculpting Algos\Noise</Filter>
    </ClCompile>
    <ClCompile Include="Toolbar.cpp">
      <Filter>GUI\Toolbar</Filter>
    </ClCompile>
    <ClCompile Include="Stroking.cpp">
      <Filter>Mechanics\Sculpting\Sculpting Algos\Stroke</Filter>
    </ClCompile>
    <ClCompile Include="Coloring.cpp">
      <Filter>Mechanics\Sculpting\Sculpting Algos\Color\Imple</Filter>
    </ClCompile>
    <ClCompile Include="SmoothedColor.cpp">
      <Filter>Mechanics\Sculpting\Sculpting Algos\Color\Smoothing Color</Filter>
    </ClCompile>
    <ClCompile Include="CameraNav.cpp">
      <Filter>GUI\CameraNav</Filter>
    </ClCompile>
    <ClCompile Include="SculptAlgos.cpp">
      <Filter>Mechanics\Sculpting\Sculpting Algos\Apply</Filter>
    </ClCompile>
    <ClCompile Include="Lighting.cpp">
      <Filter>Rendering\Lighting</Filter>
    </ClCompile>
    <ClCompile Include="StaticMesh.cpp">
      <Filter>3D Objects\Static Mesh</Filter>
    </ClCompile>
    <ClCompile Include="TimeGate.cpp">
      <Filter>Utility and Macros\Time Gate</Filter>
    </ClCompile>
    <ClCompile Include="Gizmo.cpp">
      <Filter>Mechanics\Gizmos\Imple</Filter>
    </ClCompile>
    <ClCompile Include="Transformer.cpp">
      <Filter>Mechanics\Transformer</Filter>
    </ClCompile>
    <ClCompile Include="DebugLine.cpp">
      <Filter>Rendering\Debug\DebugLine</Filter>
    </ClCompile>
    <ClCompile Include="Debug.cpp">
      <Filter>Rendering\Debug</Filter>
    </ClCompile>
    <ClCompile Include="DebugPlane.cpp">
      <Filter>Rendering\Debug\DebugPlane</Filter>
    </ClCompile>
    <ClCompile Include="StrokeDirac.cpp">
      <Filter>Mechanics\Sculpting\Sculpting Algos\StrokeDirac</Filter>
    </ClCompile>
    <ClCompile Include="StaticCircle.cpp">
      <Filter>3D Objects\Static Circle</Filter>
    </ClCompile>
    <ClCompile Include="Tessellate.cpp">
      <Filter>Mechanics\Sculpting\Sculpting Algos\Tessellate</Filter>
    </ClCompile>
    <ClCompile Include="MeshToolsWindow.cpp">
      <Filter>GUI\Tools Windows</Filter>
    </ClCompile>
    <ClCompile Include="Cursor.cpp">
      <Filter>3D Objects\Cursor</Filter>
    </ClCompile>
    <ClCompile Include="MeshFileExporter.cpp">
      <Filter>File</Filter>
    </ClCompile>
    <ClCompile Include="Cursor3D.cpp">
      <Filter>3D Objects\Cursor3D</Filter>
    </ClCompile>
    <ClCompile Include="Decimation.cpp">
      <Filter>Mechanics\Decimation</Filter>
    </ClCompile>
    <ClCompile Include="DecimateBrush.cpp">
      <Filter>Mechanics\Sculpting\Sculpting Algos\DecimateBrush</Filter>
    </ClCompile>
    <ClCompile Include="MeshUndoRedo.cpp">
      <Filter>Data Structures\Search\Mesh\Mesh Change Log\MeshUndoRedo</Filter>
    </ClCompile>
  </ItemGroup>
  <ItemGroup>
    <ClInclude Include="Main.hpp">
      <Filter>Main\Imple</Filter>
    </ClInclude>
    <ClInclude Include="MainDirective.hpp">
      <Filter>Main\MainDirective</Filter>
    </ClInclude>
    <ClInclude Include="Window_Class.hpp">
      <Filter>Window\Window Class</Filter>
    </ClInclude>
    <ClInclude Include="V3D.hpp">
      <Filter>Data Structures\Search\Unit\V3D</Filter>
    </ClInclude>
    <ClInclude Include="Edge.hpp">
      <Filter>Data Structures\Search\Unit\Edge</Filter>
    </ClInclude>
    <ClInclude Include="Camera.hpp">
      <Filter>Rendering\Camera\Imple</Filter>
    </ClInclude>
    <ClInclude Include="CameraParameters.hpp">
      <Filter>Rendering\Camera\Camera Parameters</Filter>
    </ClInclude>
    <ClInclude Include="DebuggingConsole.hpp">
      <Filter>GUI\Debug Console</Filter>
    </ClInclude>
    <ClInclude Include="EdgeList.hpp">
      <Filter>Data Structures\Search\Lists\Edge List</Filter>
    </ClInclude>
    <ClInclude Include="GraphicsBufferObjects.hpp">
      <Filter>Rendering\Graphics Buffer Objects</Filter>
    </ClInclude>
    <ClInclude Include="GraphicsData.hpp">
      <Filter>Data Structures\Graphics Data</Filter>
    </ClInclude>
    <ClInclude Include="Grid.hpp">
      <Filter>3D Objects\Grid</Filter>
    </ClInclude>
    <ClInclude Include="GUI.hpp">
      <Filter>GUI\Imple</Filter>
    </ClInclude>
    <ClInclude Include="include\IMGUI\imconfig.h">
      <Filter>GUI\ImGUI Base Files</Filter>
    </ClInclude>
    <ClInclude Include="include\IMGUI\imgui.h">
      <Filter>GUI\ImGUI Base Files</Filter>
    </ClInclude>
    <ClInclude Include="include\IMGUI\imgui_impl_glfw.h">
      <Filter>GUI\ImGUI Base Files</Filter>
    </ClInclude>
    <ClInclude Include="include\IMGUI\imgui_impl_opengl3_loader.h">
      <Filter>GUI\ImGUI Base Files</Filter>
    </ClInclude>
    <ClInclude Include="include\IMGUI\imgui_impl_opengl3.h">
      <Filter>GUI\ImGUI Base Files</Filter>
    </ClInclude>
    <ClInclude Include="include\IMGUI\imgui_internal.h">
      <Filter>GUI\ImGUI Base Files</Filter>
    </ClInclude>
    <ClInclude Include="include\IMGUI\imstb_textedit.h">
      <Filter>GUI\ImGUI Base Files</Filter>
    </ClInclude>
    <ClInclude Include="include\IMGUI\imstb_rectpack.h">
      <Filter>GUI\ImGUI Base Files</Filter>
    </ClInclude>
    <ClInclude Include="include\IMGUI\imstb_truetype.h">
      <Filter>GUI\ImGUI Base Files</Filter>
    </ClInclude>
    <ClInclude Include="IndexedTriangle.hpp">
      <Filter>Data Structures\Search\Unit\IndexedTriangle</Filter>
    </ClInclude>
    <ClInclude Include="IndiceList.hpp">
      <Filter>Data Structures\Search\Lists\Indice List</Filter>
    </ClInclude>
    <ClInclude Include="Indices.hpp">
      <Filter>Data Structures\Search\Unit\Indices</Filter>
    </ClInclude>
    <ClInclude Include="KeyInput.hpp">
      <Filter>Window\Window API\KeyInput</Filter>
    </ClInclude>
    <ClInclude Include="LinearAlgebra.hpp">
      <Filter>Mathematics\Linear Algebra</Filter>
    </ClInclude>
    <ClInclude Include="MathDefinitions.hpp">
      <Filter>Mathematics\Definitions</Filter>
    </ClInclude>
    <ClInclude Include="MeshFileLoader.hpp">
      <Filter>File</Filter>
    </ClInclude>
    <ClInclude Include="Mesh.hpp">
      <Filter>Data Structures\Search\Mesh\Imple</Filter>
    </ClInclude>
    <ClInclude Include="Mesh_Manager.hpp">
      <Filter>Data Structures\Search\Mesh\Mesh Manager</Filter>
    </ClInclude>
    <ClInclude Include="MeshChangeLog.hpp">
      <Filter>Data Structures\Search\Mesh\Mesh Change Log\Imple</Filter>
    </ClInclude>
    <ClInclude Include="MeshHistory.hpp">
      <Filter>Data Structures\Search\Mesh\Mesh Change Log\Mesh History</Filter>
    </ClInclude>
    <ClInclude Include="MeshStats.hpp">
      <Filter>Data Structures\Search\Mesh\Stats</Filter>
    </ClInclude>
    <ClInclude Include="Octree.hpp">
      <Filter>Data Structures\Search\Octree\Imple\Base</Filter>
    </ClInclude>
    <ClInclude Include="OctreeVisualization.hpp">
      <Filter>Data Structures\Search\Octree\Octree Visualization</Filter>
    </ClInclude>
    <ClInclude Include="OctreeStats.hpp">
      <Filter>Data Structures\Search\Octree\Octree Stats</Filter>
    </ClInclude>
    <ClInclude Include="OctreeCollision.hpp">
      <Filter>Data Structures\Search\Octree\Imple\Octree Collision</Filter>
    </ClInclude>
    <ClInclude Include="OpenGLWrapper.hpp">
      <Filter>Rendering\OpenGL\OpenGL Gummy Wrapper</Filter>
    </ClInclude>
    <ClInclude Include="RayCasting.hpp">
      <Filter>Mechanics\Ray Casting</Filter>
    </ClInclude>
    <ClInclude Include="Renderer.hpp">
      <Filter>Rendering\Renderer</Filter>
    </ClInclude>
    <ClInclude Include="Sampler.hpp">
      <Filter>Mechanics\Sampling\Imple</Filter>
    </ClInclude>
    <ClInclude Include="SamplerPayload.hpp">
      <Filter>Mechanics\Sampling\Sampler Payload</Filter>
    </ClInclude>
    <ClInclude Include="SculptBrush.hpp">
      <Filter>Mechanics\Sculpting\Imple</Filter>
    </ClInclude>
    <ClInclude Include="SculptPayload.hpp">
      <Filter>Mechanics\Sculpting\Sculpting Payload</Filter>
    </ClInclude>
    <ClInclude Include="Shader.hpp">
      <Filter>Rendering\Shaders\Shader\Imple</Filter>
    </ClInclude>
    <ClInclude Include="ShaderPosition.hpp">
      <Filter>Rendering\Shaders\Shader\Shader Position</Filter>
    </ClInclude>
    <ClInclude Include="Smoothing.hpp">
      <Filter>Mechanics\Sculpting\Sculpting Algos\Smooth</Filter>
    </ClInclude>
    <ClInclude Include="SubdivisionSurface.hpp">
      <Filter>Mechanics\Subdivision Surface</Filter>
    </ClInclude>
    <ClInclude Include="TopologyComputation.hpp">
      <Filter>Mathematics\Topology</Filter>
    </ClInclude>
    <ClInclude Include="TopBar.hpp">
      <Filter>GUI\Top Bar</Filter>
    </ClInclude>
    <ClInclude Include="Octant.hpp">
      <Filter>Data Structures\Search\Octree\Octant\Imple</Filter>
    </ClInclude>
    <ClInclude Include="TriangleOctantKeyPair.hpp">
      <Filter>Data Structures\Search\Octree\Octant\Triangle Octant Key Pair</Filter>
    </ClInclude>
    <ClInclude Include="TriangleOctantKeyPairList.hpp">
      <Filter>Data Structures\Search\Octree\Octant\Triangle Octant Key Pair List</Filter>
    </ClInclude>
    <ClInclude Include="Window_API.hpp">
      <Filter>Window\Window API\Base Imple</Filter>
    </ClInclude>
    <ClInclude Include="TriangleLookUp.hpp">
      <Filter>Data Structures\Search\Look Up\Triangle Look Up</Filter>
    </ClInclude>
    <ClInclude Include="VertexLookUp.hpp">
      <Filter>Data Structures\Search\Look Up\Vertex Look Up</Filter>
    </ClInclude>
    <ClInclude Include="VertexList.hpp">
      <Filter>Data Structures\Search\Lists\Vertex List</Filter>
    </ClInclude>
    <ClInclude Include="TriangleList.hpp">
      <Filter>Data Structures\Search\Lists\Triangle List</Filter>
    </ClInclude>
    <ClInclude Include="VisualObjects.hpp">
      <Filter>3D Objects\Visual Objects</Filter>
    </ClInclude>
    <ClInclude Include="VertexIDHashing.hpp">
      <Filter>Data Structures\Search\Octree\Imple\Vertex Hash</Filter>
    </ClInclude>
    <ClInclude Include="ToolsWindow.hpp">
      <Filter>GUI\Tools Window</Filter>
    </ClInclude>
    <ClInclude Include="Noise.hpp">
      <Filter>Mechanics\Sculpting\Sculpting Algos\Noise</Filter>
    </ClInclude>
    <ClInclude Include="Toolbar.hpp">
      <Filter>GUI\Toolbar</Filter>
    </ClInclude>
    <ClInclude Include="Stroking.hpp">
      <Filter>Mechanics\Sculpting\Sculpting Algos\Stroke</Filter>
    </ClInclude>
    <ClInclude Include="Coloring.hpp">
      <Filter>Mechanics\Sculpting\Sculpting Algos\Color\Imple</Filter>
    </ClInclude>
    <ClInclude Include="SmoothedColor.hpp">
      <Filter>Mechanics\Sculpting\Sculpting Algos\Color\Smoothing Color</Filter>
    </ClInclude>
    <ClInclude Include="CameraNav.hpp">
      <Filter>GUI\CameraNav</Filter>
    </ClInclude>
    <ClInclude Include="Macro.hpp">
      <Filter>Utility and Macros\Macro</Filter>
    </ClInclude>
    <ClInclude Include="include\mini\ini.h">
      <Filter>Utility and Macros\ini loading</Filter>
    </ClInclude>
    <ClInclude Include="SculptAlgos.hpp">
      <Filter>Mechanics\Sculpting\Sculpting Algos\Apply</Filter>
    </ClInclude>
    <ClInclude Include="Lighting.hpp">
      <Filter>Rendering\Lighting</Filter>
    </ClInclude>
    <ClInclude Include="TimeGate.hpp">
      <Filter>Utility and Macros\Time Gate</Filter>
    </ClInclude>
    <ClInclude Include="StaticMesh.hpp">
      <Filter>3D Objects\Static Mesh</Filter>
    </ClInclude>
    <ClInclude Include="Gizmo.hpp">
      <Filter>Mechanics\Gizmos\Imple</Filter>
    </ClInclude>
    <ClInclude Include="Transformer.hpp">
      <Filter>Mechanics\Transformer</Filter>
    </ClInclude>
    <ClInclude Include="MathDefinitions.cpp">
      <Filter>Mathematics\Definitions</Filter>
    </ClInclude>
    <ClInclude Include="DebugLine.hpp">
      <Filter>Rendering\Debug\DebugLine</Filter>
    </ClInclude>
    <ClInclude Include="Debug.hpp">
      <Filter>Rendering\Debug</Filter>
    </ClInclude>
    <ClInclude Include="DebugPlane.hpp">
      <Filter>Rendering\Debug\DebugPlane</Filter>
    </ClInclude>
    <ClInclude Include="StrokeDirac.hpp">
      <Filter>Mechanics\Sculpting\Sculpting Algos\StrokeDirac</Filter>
    </ClInclude>
    <ClInclude Include="StaticCircle.hpp">
      <Filter>3D Objects\Static Circle</Filter>
    </ClInclude>
    <ClInclude Include="Tessellate.hpp">
      <Filter>Mechanics\Sculpting\Sculpting Algos\Tessellate</Filter>
    </ClInclude>
    <ClInclude Include="MeshToolsWindow.hpp">
      <Filter>GUI\Tools Windows</Filter>
    </ClInclude>
    <ClInclude Include="Cursor.hpp">
      <Filter>3D Objects\Cursor</Filter>
    </ClInclude>
    <ClInclude Include="Cursor3D.hpp">
      <Filter>3D Objects\Cursor3D</Filter>
    </ClInclude>
    <ClInclude Include="MeshFileExporter.hpp">
      <Filter>File</Filter>
    </ClInclude>
    <ClInclude Include="Decimation.hpp">
      <Filter>Mechanics\Decimation</Filter>
    </ClInclude>
    <ClInclude Include="DecimateBrush.hpp">
      <Filter>Mechanics\Sculpting\Sculpting Algos\DecimateBrush</Filter>
    </ClInclude>
    <ClInclude Include="MeshUndoRedo.hpp">
      <Filter>Data Structures\Search\Mesh\Mesh Change Log\MeshUndoRedo</Filter>
    </ClInclude>
  </ItemGroup>
  <ItemGroup>
    <None Include="cube.gum">
      <Filter>3D Models\gum Models</Filter>
    </None>
    <None Include="sphere.gum">
      <Filter>3D Models\gum Models</Filter>
    </None>
    <None Include="plane.gum">
      <Filter>3D Models\gum Models</Filter>
    </None>
    <None Include="4star.gum">
      <Filter>3D Models\gum Models</Filter>
    </None>
    <None Include="StandardShader.vert">
      <Filter>Rendering\Shaders\Shader Files\Standard</Filter>
    </None>
    <None Include="StandardShader.frag">
      <Filter>Rendering\Shaders\Shader Files\Standard</Filter>
    </None>
    <None Include="WireFrameShader.frag">
      <Filter>Rendering\Shaders\Shader Files\Wire</Filter>
    </None>
    <None Include="WireFrameShader.vert">
      <Filter>Rendering\Shaders\Shader Files\Wire</Filter>
    </None>
    <None Include="StandardShader.geom">
      <Filter>Rendering\Shaders\Shader Files\Standard</Filter>
    </None>
    <None Include="StaticMeshShader.frag">
      <Filter>Rendering\Shaders\Shader Files\Static Mesh Shader</Filter>
    </None>
    <None Include="StaticMeshShader.vert">
      <Filter>Rendering\Shaders\Shader Files\Static Mesh Shader</Filter>
    </None>
    <None Include="arrow.gum">
      <Filter>3D Models\gum Models</Filter>
    </None>
    <None Include="GridShader.frag">
      <Filter>Rendering\Shaders\Shader Files\Grid</Filter>
    </None>
    <None Include="GridShader.vert">
      <Filter>Rendering\Shaders\Shader Files\Grid</Filter>
    </None>
    <None Include="ring.gum">
      <Filter>3D Models\gum Models</Filter>
    </None>
    <None Include="scale_arm.gum">
      <Filter>3D Models\gum Models</Filter>
    </None>
    <None Include="CircleShader.frag">
      <Filter>Rendering\Shaders\Shader Files\CircleShader</Filter>
    </None>
    <None Include="CircleShader.vert">
      <Filter>Rendering\Shaders\Shader Files\CircleShader</Filter>
    </None>
    <None Include="CursorShader.frag">
      <Filter>Rendering\Shaders\Shader Files\Cursor Shader</Filter>
    </None>
    <None Include="CursorShader.vert">
      <Filter>Rendering\Shaders\Shader Files\Cursor Shader</Filter>
    </None>
    <None Include="test_triangle.gum">
      <Filter>3D Models\gum Models</Filter>
    </None>
  </ItemGroup>
  <ItemGroup>
    <Filter Include="3D Models">
      <UniqueIdentifier>{5309c9a2-02c7-447a-b9a3-6d46220b04ea}</UniqueIdentifier>
    </Filter>
    <Filter Include="Data Structures">
      <UniqueIdentifier>{8d78fcd8-5568-416a-87e4-b96dabc4a762}</UniqueIdentifier>
    </Filter>
    <Filter Include="GUI">
      <UniqueIdentifier>{8cbfa8d2-3006-4171-9520-2cbe7dfa9595}</UniqueIdentifier>
    </Filter>
    <Filter Include="Main">
      <UniqueIdentifier>{e2f6441e-43f2-4dab-a93e-4111418ef2cc}</UniqueIdentifier>
    </Filter>
    <Filter Include="Window">
      <UniqueIdentifier>{39da0aaf-560b-415e-b91b-cd4a843c9323}</UniqueIdentifier>
    </Filter>
    <Filter Include="Main\Imple">
      <UniqueIdentifier>{92964fec-0f2a-4410-84e6-5eeeff3486c7}</UniqueIdentifier>
    </Filter>
    <Filter Include="Main\MainDirective">
      <UniqueIdentifier>{36796fd9-7a2c-4840-9678-c7587541cebe}</UniqueIdentifier>
    </Filter>
    <Filter Include="Window\Window Class">
      <UniqueIdentifier>{f73ed463-d6b1-480c-bd5a-6b0370de3c4a}</UniqueIdentifier>
    </Filter>
    <Filter Include="Window\Window API">
      <UniqueIdentifier>{ec5826c7-2d9a-4e5f-8327-2d1abaf51f5c}</UniqueIdentifier>
    </Filter>
    <Filter Include="Data Structures\Search">
      <UniqueIdentifier>{649c8ebe-b6c1-43ad-8a0e-9097f95f3775}</UniqueIdentifier>
    </Filter>
    <Filter Include="Mathematics">
      <UniqueIdentifier>{a7302d47-c520-4c4b-960e-1dcf21ff35a1}</UniqueIdentifier>
    </Filter>
    <Filter Include="Mechanics">
      <UniqueIdentifier>{ea8393c8-fc4a-4f77-a19c-1724a6ac647d}</UniqueIdentifier>
    </Filter>
    <Filter Include="Rendering">
      <UniqueIdentifier>{ea0e97d2-b90e-4a86-aa6e-03853ff4cb57}</UniqueIdentifier>
    </Filter>
    <Filter Include="Rendering\Camera">
      <UniqueIdentifier>{54665b24-f93e-477f-9155-53b5f71bd623}</UniqueIdentifier>
    </Filter>
    <Filter Include="Rendering\Camera\Imple">
      <UniqueIdentifier>{b219ee07-70ee-42c1-8a39-101b339b6686}</UniqueIdentifier>
    </Filter>
    <Filter Include="Rendering\Camera\Camera Parameters">
      <UniqueIdentifier>{c9bd0bb5-bbfb-4219-91dc-89de44e76808}</UniqueIdentifier>
    </Filter>
    <Filter Include="Mechanics\Ray Casting">
      <UniqueIdentifier>{101e0778-c9fb-4510-bb92-fa89208c18bc}</UniqueIdentifier>
    </Filter>
    <Filter Include="Mechanics\Sampling">
      <UniqueIdentifier>{63b85755-1f03-46f3-b3a1-7adde5dfa6c1}</UniqueIdentifier>
    </Filter>
    <Filter Include="Mechanics\Sculpting">
      <UniqueIdentifier>{e3fa52f7-8b19-4a31-a92b-16e2f9ef3143}</UniqueIdentifier>
    </Filter>
    <Filter Include="Mechanics\Sculpting\Sculpting Algos">
      <UniqueIdentifier>{dc897024-9fe2-4b69-8928-08e004d57925}</UniqueIdentifier>
    </Filter>
    <Filter Include="Mechanics\Sculpting\Sculpting Algos\Color">
      <UniqueIdentifier>{c75daef7-47e8-48e7-a9e4-dd8cf157166f}</UniqueIdentifier>
    </Filter>
    <Filter Include="Mechanics\Sculpting\Sculpting Algos\Smooth">
      <UniqueIdentifier>{61ed0a9d-ab6f-40c2-90c4-4306d09c2473}</UniqueIdentifier>
    </Filter>
    <Filter Include="Mechanics\Sculpting\Sculpting Algos\Stroke">
      <UniqueIdentifier>{c730d470-b55f-453a-aea2-666de22614ba}</UniqueIdentifier>
    </Filter>
    <Filter Include="GUI\Debug Console">
      <UniqueIdentifier>{9012afc6-cb67-4947-9f84-e413c7b27d53}</UniqueIdentifier>
    </Filter>
    <Filter Include="3D Models\gum Models">
      <UniqueIdentifier>{03aea54b-b126-45ec-a9e7-5cbce940e7af}</UniqueIdentifier>
    </Filter>
    <Filter Include="Rendering\OpenGL">
      <UniqueIdentifier>{295bca6f-e0a6-46ef-a774-e9bedb31bf20}</UniqueIdentifier>
    </Filter>
    <Filter Include="Rendering\OpenGL\Imple">
      <UniqueIdentifier>{af4c3197-a05c-486b-9f76-7639ce1e07e2}</UniqueIdentifier>
    </Filter>
    <Filter Include="Rendering\Graphics Buffer Objects">
      <UniqueIdentifier>{f7121bd4-f7a8-49aa-a88a-71d509d63eab}</UniqueIdentifier>
    </Filter>
    <Filter Include="Data Structures\Graphics Data">
      <UniqueIdentifier>{ec9da60b-dcb7-443e-aa43-ab4966a95629}</UniqueIdentifier>
    </Filter>
    <Filter Include="3D Objects">
      <UniqueIdentifier>{c6c2f0c2-deb4-4e61-8dc3-59b8a68d11ec}</UniqueIdentifier>
    </Filter>
    <Filter Include="3D Objects\Grid">
      <UniqueIdentifier>{c1615d9d-2c52-4c3b-9021-4cc45c522a62}</UniqueIdentifier>
    </Filter>
    <Filter Include="GUI\Imple">
      <UniqueIdentifier>{74ac3c38-252f-4199-ad49-c50fa9bdd012}</UniqueIdentifier>
    </Filter>
    <Filter Include="GUI\ImGUI Base Files">
      <UniqueIdentifier>{94ec6613-e58f-4041-82fa-3310aa3dab81}</UniqueIdentifier>
    </Filter>
    <Filter Include="Window\Window API\KeyInput">
      <UniqueIdentifier>{ad2ece7f-0549-4fc6-ae95-8e7344719b27}</UniqueIdentifier>
    </Filter>
    <Filter Include="Mathematics\Linear Algebra">
      <UniqueIdentifier>{8b426278-e70f-491e-969f-d169d866c2aa}</UniqueIdentifier>
    </Filter>
    <Filter Include="Utility and Macros">
      <UniqueIdentifier>{5f4d014a-c4e5-4576-8bc3-648d1b59e027}</UniqueIdentifier>
    </Filter>
    <Filter Include="Mathematics\Definitions">
      <UniqueIdentifier>{258f0050-d1a8-44cf-b003-c78e9ce8cf4e}</UniqueIdentifier>
    </Filter>
    <Filter Include="Data Structures\Search\Octree">
      <UniqueIdentifier>{b599b200-dc72-469f-bd44-66dc38b3a917}</UniqueIdentifier>
    </Filter>
    <Filter Include="Data Structures\Search\Mesh">
      <UniqueIdentifier>{418d1a8a-774d-4de1-a88a-0caef9af100a}</UniqueIdentifier>
    </Filter>
    <Filter Include="File">
      <UniqueIdentifier>{d4264b5f-046b-4500-8eae-2f27911a6fc0}</UniqueIdentifier>
    </Filter>
    <Filter Include="Rendering\Shaders">
      <UniqueIdentifier>{6fa03500-4745-4de6-b9d8-d85dffa0c631}</UniqueIdentifier>
    </Filter>
    <Filter Include="Data Structures\Search\Mesh\Imple">
      <UniqueIdentifier>{48436a47-5dde-42c4-a663-ead2e32f547f}</UniqueIdentifier>
    </Filter>
    <Filter Include="Data Structures\Search\Mesh\Mesh Change Log">
      <UniqueIdentifier>{02c65c07-f1bc-4810-89b3-dd06d7e5d868}</UniqueIdentifier>
    </Filter>
    <Filter Include="Data Structures\Search\Mesh\Mesh Change Log\Imple">
      <UniqueIdentifier>{ae9621fc-44e6-4bd5-8e2d-e61e6ab83ed8}</UniqueIdentifier>
    </Filter>
    <Filter Include="Data Structures\Search\Mesh\Mesh Change Log\Mesh History">
      <UniqueIdentifier>{fa2c7a7b-c37a-493d-b72b-2120a1efffba}</UniqueIdentifier>
    </Filter>
    <Filter Include="Data Structures\Search\Mesh\Stats">
      <UniqueIdentifier>{36a1861d-b64d-49b1-a1d7-fb0d74d1e48d}</UniqueIdentifier>
    </Filter>
    <Filter Include="Data Structures\Search\Octree\Imple">
      <UniqueIdentifier>{0edebd77-6907-4770-a02d-6e15a75c377c}</UniqueIdentifier>
    </Filter>
    <Filter Include="Data Structures\Search\Octree\Octant">
      <UniqueIdentifier>{6165fef5-6143-4859-9514-f3f51835e57a}</UniqueIdentifier>
    </Filter>
    <Filter Include="Data Structures\Search\Octree\Imple\Base">
      <UniqueIdentifier>{f5a92920-3315-462a-b743-bafe33cbd0f8}</UniqueIdentifier>
    </Filter>
    <Filter Include="Data Structures\Search\Octree\Octree Stats">
      <UniqueIdentifier>{55ffe6e9-1c7f-422c-8b82-b5bb2bd6cec1}</UniqueIdentifier>
    </Filter>
    <Filter Include="Data Structures\Search\Octree\Octree Visualization">
      <UniqueIdentifier>{aee6d4bb-653f-442f-ad56-68f0fd346eae}</UniqueIdentifier>
    </Filter>
    <Filter Include="Data Structures\Search\Octree\Imple\Octree Collision">
      <UniqueIdentifier>{68f835da-6971-43ff-a21d-aa0dc2effc20}</UniqueIdentifier>
    </Filter>
    <Filter Include="Data Structures\Search\Octree\Imple\Elements">
      <UniqueIdentifier>{b5a9a5ab-ad6f-4dee-a979-ebb61e11f1f1}</UniqueIdentifier>
    </Filter>
    <Filter Include="Data Structures\Search\Octree\Imple\Octants Extension">
      <UniqueIdentifier>{25924917-e691-4239-a8e7-4584ca537049}</UniqueIdentifier>
    </Filter>
    <Filter Include="Data Structures\Search\Octree\Imple\Intersection">
      <UniqueIdentifier>{8e974d37-173a-4bbf-b6bb-7ba2ff905956}</UniqueIdentifier>
    </Filter>
    <Filter Include="Rendering\OpenGL\OpenGL Gummy Wrapper">
      <UniqueIdentifier>{265db79f-80d7-4db7-94d7-6d65e7c04405}</UniqueIdentifier>
    </Filter>
    <Filter Include="Rendering\Renderer">
      <UniqueIdentifier>{8e0cacd4-6108-4432-bddb-1f49833aa2e5}</UniqueIdentifier>
    </Filter>
    <Filter Include="Mechanics\Sampling\Imple">
      <UniqueIdentifier>{e445e350-4ad2-4752-a089-c6aebc9011ea}</UniqueIdentifier>
    </Filter>
    <Filter Include="Mechanics\Sampling\Sampler Payload">
      <UniqueIdentifier>{91d0b6d9-30f3-4336-bd71-306cc3e6d3e4}</UniqueIdentifier>
    </Filter>
    <Filter Include="Mechanics\Sculpting\Imple">
      <UniqueIdentifier>{b8b020b4-fed0-4b0e-b348-06055b963228}</UniqueIdentifier>
    </Filter>
    <Filter Include="Mechanics\Sculpting\Sculpting Payload">
      <UniqueIdentifier>{8e381822-28c3-433a-b404-f8c092b2d24b}</UniqueIdentifier>
    </Filter>
    <Filter Include="Rendering\Shaders\Shader Files">
      <UniqueIdentifier>{f18db37b-2266-4d61-947d-638e8a1ad2af}</UniqueIdentifier>
    </Filter>
    <Filter Include="Rendering\Shaders\Shader">
      <UniqueIdentifier>{ea7dca77-5931-4875-8800-e32b6ced96cd}</UniqueIdentifier>
    </Filter>
    <Filter Include="Rendering\Shaders\Shader\Imple">
      <UniqueIdentifier>{dc24a4a9-7076-4b5d-b739-d0356340ad48}</UniqueIdentifier>
    </Filter>
    <Filter Include="Rendering\Shaders\Shader\Shader Position">
      <UniqueIdentifier>{25a7f41c-4906-434c-a5d4-bfebbc1458e2}</UniqueIdentifier>
    </Filter>
    <Filter Include="Mechanics\Subdivision Surface">
      <UniqueIdentifier>{9eed1f9b-eb90-4ccb-84a0-961d1742a48a}</UniqueIdentifier>
    </Filter>
    <Filter Include="Mathematics\Topology">
      <UniqueIdentifier>{139e89c6-9ab1-4014-b487-6003294b5b3f}</UniqueIdentifier>
    </Filter>
    <Filter Include="GUI\Top Bar">
      <UniqueIdentifier>{28708c01-5ece-41b9-b148-fc91925e7987}</UniqueIdentifier>
    </Filter>
    <Filter Include="Data Structures\Search\Octree\Octant\Imple">
      <UniqueIdentifier>{52e03857-b9cd-46aa-8fd6-c766a5d03bd7}</UniqueIdentifier>
    </Filter>
    <Filter Include="Data Structures\Search\Octree\Octant\Triangle Octant Key Pair List">
      <UniqueIdentifier>{9b6da249-423d-4cf4-9931-5e8f54b3ede6}</UniqueIdentifier>
    </Filter>
    <Filter Include="Data Structures\Search\Octree\Octant\Triangle Octant Key Pair">
      <UniqueIdentifier>{6b3438f2-44e9-45b1-bd52-9b751402ed3c}</UniqueIdentifier>
    </Filter>
    <Filter Include="Window\Window API\Base Imple">
      <UniqueIdentifier>{01b8f69a-cde8-4502-a6a8-4c175af32fac}</UniqueIdentifier>
    </Filter>
    <Filter Include="Data Structures\Search\Look Up">
      <UniqueIdentifier>{31a55acd-41eb-4eac-b7d0-290a6518319c}</UniqueIdentifier>
    </Filter>
    <Filter Include="Data Structures\Search\Look Up\Vertex Look Up">
      <UniqueIdentifier>{08f70668-2a02-4ef4-87c0-36210cc12bfd}</UniqueIdentifier>
    </Filter>
    <Filter Include="Data Structures\Search\Look Up\Triangle Look Up">
      <UniqueIdentifier>{0d9c7fbd-f83c-470a-bfee-1b5fc2f62bca}</UniqueIdentifier>
    </Filter>
    <Filter Include="Data Structures\Search\Lists">
      <UniqueIdentifier>{dd7e293e-df8a-4d82-9ce6-d3c880936b6d}</UniqueIdentifier>
    </Filter>
    <Filter Include="Data Structures\Search\Lists\Vertex List">
      <UniqueIdentifier>{a45d4412-d5e3-4bbc-bbdf-a53474a845dd}</UniqueIdentifier>
    </Filter>
    <Filter Include="Data Structures\Search\Lists\Triangle List">
      <UniqueIdentifier>{704bb084-5091-4fd3-b318-169ec296e0c5}</UniqueIdentifier>
    </Filter>
    <Filter Include="Data Structures\Search\Lists\Indice List">
      <UniqueIdentifier>{4bf8f706-a887-4a51-8309-c943307c98ec}</UniqueIdentifier>
    </Filter>
    <Filter Include="Data Structures\Search\Lists\Edge List">
      <UniqueIdentifier>{1287db2d-f706-4f7a-bdb7-83cbea251eeb}</UniqueIdentifier>
    </Filter>
    <Filter Include="Data Structures\Search\Mesh\Mesh Manager">
      <UniqueIdentifier>{5ef1b1a3-7f3f-4ce0-bf09-c0c720f2e4b4}</UniqueIdentifier>
    </Filter>
    <Filter Include="3D Objects\Visual Objects">
      <UniqueIdentifier>{576e924c-5de3-4453-9c11-64d263a7764c}</UniqueIdentifier>
    </Filter>
    <Filter Include="Data Structures\Search\Octree\Imple\Vertex Hash">
      <UniqueIdentifier>{922e571a-1d0a-465a-93ff-b26c001d686c}</UniqueIdentifier>
    </Filter>
    <Filter Include="GUI\Tools Window">
      <UniqueIdentifier>{2a8cd5ca-aabe-47be-b825-1e17c459c2c3}</UniqueIdentifier>
    </Filter>
    <Filter Include="Mechanics\Sculpting\Sculpting Algos\Noise">
      <UniqueIdentifier>{96014b26-996f-4437-8eab-7af4aef070c8}</UniqueIdentifier>
    </Filter>
    <Filter Include="GUI\Toolbar">
      <UniqueIdentifier>{302d5105-f3de-4cc0-9b8e-225a5f59dee4}</UniqueIdentifier>
    </Filter>
    <Filter Include="Mechanics\Sculpting\Sculpting Algos\Color\Imple">
      <UniqueIdentifier>{5f491c0b-2f7d-4510-b51a-a85ef764ea8a}</UniqueIdentifier>
    </Filter>
    <Filter Include="Mechanics\Sculpting\Sculpting Algos\Color\Smoothing Color">
      <UniqueIdentifier>{008f3de2-f315-4c63-baa1-238851624af4}</UniqueIdentifier>
    </Filter>
    <Filter Include="GUI\CameraNav">
      <UniqueIdentifier>{4b45fe53-0bd3-4bca-bc9a-702f8eba2d18}</UniqueIdentifier>
    </Filter>
    <Filter Include="Utility and Macros\Macro">
      <UniqueIdentifier>{cd9dcd05-dd92-48f8-87f9-d85a337c5994}</UniqueIdentifier>
    </Filter>
    <Filter Include="Utility and Macros\ini loading">
      <UniqueIdentifier>{61487071-c7bc-4897-911d-06ea3147422e}</UniqueIdentifier>
    </Filter>
    <Filter Include="GUI\Font">
      <UniqueIdentifier>{bb8c9905-bab7-40ab-9c4d-63163bde1549}</UniqueIdentifier>
    </Filter>
    <Filter Include="Mechanics\Sculpting\Sculpting Algos\Apply">
      <UniqueIdentifier>{3a3c6111-90a5-4424-aae6-7bd321f437d7}</UniqueIdentifier>
    </Filter>
    <Filter Include="Rendering\Lighting">
      <UniqueIdentifier>{d7f4e1cd-287e-4d34-bf06-956496b8af73}</UniqueIdentifier>
    </Filter>
    <Filter Include="Rendering\Shaders\Shader Files\Standard">
      <UniqueIdentifier>{c058f541-059e-4b28-bfee-245639de942a}</UniqueIdentifier>
    </Filter>
    <Filter Include="Rendering\Shaders\Shader Files\Wire">
      <UniqueIdentifier>{d83cab57-02c2-4b69-8938-a52a658f5c5d}</UniqueIdentifier>
    </Filter>
    <Filter Include="Mechanics\Gizmos">
      <UniqueIdentifier>{fd88783c-6838-4d11-b25f-8d3bb4b7aa02}</UniqueIdentifier>
    </Filter>
    <Filter Include="Mechanics\Gizmos\Imple">
      <UniqueIdentifier>{ca0088f7-58d7-4158-ab44-c67bd5b7b23e}</UniqueIdentifier>
    </Filter>
    <Filter Include="Utility and Macros\Time Gate">
      <UniqueIdentifier>{926aa47e-036e-4391-aaa9-2bf22d627b27}</UniqueIdentifier>
    </Filter>
    <Filter Include="3D Objects\Static Mesh">
      <UniqueIdentifier>{1a293627-ced5-446d-8c47-3b85d15791bd}</UniqueIdentifier>
    </Filter>
    <Filter Include="Rendering\Shaders\Shader Files\Static Mesh Shader">
      <UniqueIdentifier>{a138c809-f1b3-4678-aa86-8df514566261}</UniqueIdentifier>
    </Filter>
    <Filter Include="Mechanics\Transformer">
      <UniqueIdentifier>{500e6174-be7c-4aff-9e5a-2044bcab53f1}</UniqueIdentifier>
    </Filter>
    <Filter Include="Rendering\Shaders\Shader Files\Grid">
      <UniqueIdentifier>{688d1aa1-6354-44e1-9504-2788ad7406a6}</UniqueIdentifier>
    </Filter>
    <Filter Include="Utility and Macros\Boost">
      <UniqueIdentifier>{0784c592-add2-49e3-88d2-1ac93a51d5ce}</UniqueIdentifier>
    </Filter>
    <Filter Include="Rendering\Debug">
      <UniqueIdentifier>{5710fd8e-310d-42fd-ac01-76d044426bb8}</UniqueIdentifier>
    </Filter>
    <Filter Include="Rendering\Debug\DebugLine">
      <UniqueIdentifier>{0947d1ee-1aac-4886-8ff9-b1e8a707a186}</UniqueIdentifier>
    </Filter>
    <Filter Include="Rendering\Debug\DebugPlane">
      <UniqueIdentifier>{20edbe0d-f8af-478b-9c30-1657cd32d906}</UniqueIdentifier>
    </Filter>
    <Filter Include="Mechanics\Sculpting\Sculpting Algos\StrokeDirac">
      <UniqueIdentifier>{a10dac14-d057-4083-935f-2d9bdc16588f}</UniqueIdentifier>
    </Filter>
    <Filter Include="3D Objects\Static Circle">
      <UniqueIdentifier>{38822bc1-702e-4667-b6a4-0251e69f56a1}</UniqueIdentifier>
    </Filter>
    <Filter Include="Rendering\Shaders\Shader Files\CircleShader">
      <UniqueIdentifier>{fba5d588-f4df-497c-a3be-d17891e610d4}</UniqueIdentifier>
    </Filter>
    <Filter Include="Mechanics\Sculpting\Sculpting Algos\Tessellate">
      <UniqueIdentifier>{d0d079ed-79d7-4227-b157-f031fb78b756}</UniqueIdentifier>
    </Filter>
    <Filter Include="GUI\Tools Windows">
      <UniqueIdentifier>{29cb21a0-3784-44dd-a5af-50ddc39f9179}</UniqueIdentifier>
    </Filter>
    <Filter Include="3D Objects\Cursor">
      <UniqueIdentifier>{e333eee3-5e8c-4f5f-b268-353ef2cbb054}</UniqueIdentifier>
    </Filter>
    <Filter Include="Rendering\Shaders\Shader Files\Cursor Shader">
      <UniqueIdentifier>{a0892e34-3948-4cbe-91ee-d961adab1120}</UniqueIdentifier>
    </Filter>
    <Filter Include="3D Objects\Cursor3D">
      <UniqueIdentifier>{15d8a28d-6777-4334-b0f8-a87175804ddb}</UniqueIdentifier>
    </Filter>
    <Filter Include="Data Structures\Search\Unit">
      <UniqueIdentifier>{48ac2dfa-ce64-4921-b2a4-e25a974df0f6}</UniqueIdentifier>
    </Filter>
    <Filter Include="Data Structures\Search\Unit\V3D">
      <UniqueIdentifier>{5338d416-59d9-41be-a679-1414272a6e17}</UniqueIdentifier>
    </Filter>
    <Filter Include="Data Structures\Search\Unit\Edge">
      <UniqueIdentifier>{af1c8f3a-8c1d-446b-b7f7-a450f66b10e0}</UniqueIdentifier>
    </Filter>
    <Filter Include="Data Structures\Search\Unit\IndexedTriangle">
      <UniqueIdentifier>{3b0d85cb-67b2-4710-93ea-b2ca337e0c86}</UniqueIdentifier>
    </Filter>
    <Filter Include="Data Structures\Search\Unit\Indices">
      <UniqueIdentifier>{74d3382a-228e-440e-a9de-8cb977c04745}</UniqueIdentifier>
    </Filter>
    <Filter Include="Mechanics\Decimation">
      <UniqueIdentifier>{a9fc493d-6455-4daf-9e34-f92fc93c9e6f}</UniqueIdentifier>
    </Filter>
    <Filter Include="Mechanics\Sculpting\Sculpting Algos\DecimateBrush">
      <UniqueIdentifier>{4be4bb75-8a05-424f-b687-afceec1ab300}</UniqueIdentifier>
    </Filter>
    <Filter Include="Data Structures\Search\Mesh\Mesh Change Log\MeshUndoRedo">
      <UniqueIdentifier>{9efc3ba6-01c3-478c-8e2a-c2cc5249cadf}</UniqueIdentifier>
    </Filter>
  </ItemGroup>
  <ItemGroup>
    <Font Include="G:\DL\OpenDyslexic Mono (Windows, MacOS, Linux OTF)\OpenDyslexicMono-Regular.otf">
      <Filter>GUI\Font</Filter>
    </Font>
  </ItemGroup>
</Project>