<?xml version="1.0" encoding="utf-8"?>
<Project ToolsVersion="4.0" xmlns="http://schemas.microsoft.com/developer/msbuild/2003">
  <ItemGroup>
    <Filter Include="Main">
      <UniqueIdentifier>{28a414c9-0fc0-4bca-a397-3684d5a131e7}</UniqueIdentifier>
    </Filter>
    <Filter Include="Macro">
      <UniqueIdentifier>{fd8eb3dc-5984-4914-8656-3238912814d1}</UniqueIdentifier>
    </Filter>
    <Filter Include="Math">
      <UniqueIdentifier>{127f50a0-1af7-4073-9570-3625db938641}</UniqueIdentifier>
    </Filter>
    <Filter Include="Graphics">
      <UniqueIdentifier>{3a37fb95-7d5e-402d-97db-740ee0f8e0d7}</UniqueIdentifier>
    </Filter>
    <Filter Include="Debugger">
      <UniqueIdentifier>{bc24fa46-7c5f-4ff6-a336-c06b60ed1574}</UniqueIdentifier>
    </Filter>
    <Filter Include="FileOps">
      <UniqueIdentifier>{9d3667ad-c584-498e-8caa-cf66fe2380cf}</UniqueIdentifier>
    </Filter>
    <Filter Include="Graphics\GraphicsAPI_OpenGL">
      <UniqueIdentifier>{da4d4b9d-a0e8-4a76-9648-e50caf7d9727}</UniqueIdentifier>
    </Filter>
    <Filter Include="Graphics\BufferObjects">
      <UniqueIdentifier>{18dd77d4-6413-4f1e-9180-2b5fd02d97e5}</UniqueIdentifier>
    </Filter>
    <Filter Include="Graphics\Color">
      <UniqueIdentifier>{63d73882-612e-428a-bc5f-8859313b203f}</UniqueIdentifier>
    </Filter>
    <Filter Include="Graphics\OpenGLWrapper">
      <UniqueIdentifier>{70830b1f-060c-417e-8894-48b8fcded691}</UniqueIdentifier>
    </Filter>
    <Filter Include="3D Models">
      <UniqueIdentifier>{b5308a50-b6de-48a8-b54e-cb23862a6139}</UniqueIdentifier>
    </Filter>
    <Filter Include="3D Models\.obj files">
      <UniqueIdentifier>{a5d4649b-ff37-4ef6-94ee-865f5a907753}</UniqueIdentifier>
    </Filter>
    <Filter Include="3D Models\.gum files">
      <UniqueIdentifier>{67DA6AB6-F800-4c08-8B7A-83BB121AAD01}</UniqueIdentifier>
      <Extensions>rc;ico;cur;bmp;dlg;rc2;rct;bin;rgs;gif;jpg;jpeg;jpe;resx;tiff;tif;png;wav;mfcribbon-ms</Extensions>
    </Filter>
    <Filter Include="Rendering">
      <UniqueIdentifier>{cd86fc62-28a6-4b81-94b2-128d5bdf7e89}</UniqueIdentifier>
    </Filter>
    <Filter Include="Rendering\Camera">
      <UniqueIdentifier>{3fe5a1e1-de9b-4d45-9c63-50cbf0e82896}</UniqueIdentifier>
    </Filter>
    <Filter Include="Rendering\Shaders">
      <UniqueIdentifier>{bd53cc1e-ff3d-4b01-b621-e477ac6fe19d}</UniqueIdentifier>
    </Filter>
    <Filter Include="Rendering\Shaders\WireFrameShader">
      <UniqueIdentifier>{b2f2ea3a-dd02-4b5c-a1f0-e22338c6a7ae}</UniqueIdentifier>
    </Filter>
    <Filter Include="Rendering\Shaders\StandardShader">
      <UniqueIdentifier>{3a7c4cfd-b519-4ec2-81f0-af392b75854e}</UniqueIdentifier>
    </Filter>
    <Filter Include="Window And GUI">
      <UniqueIdentifier>{1a58b1f9-4ba5-4067-9f32-bcb9c563e96f}</UniqueIdentifier>
    </Filter>
    <Filter Include="Window And GUI\Window">
      <UniqueIdentifier>{4005758b-1f9d-4328-8264-4f6fda72bc37}</UniqueIdentifier>
    </Filter>
    <Filter Include="Window And GUI\Window\Window Class">
      <UniqueIdentifier>{a836530d-2b43-4336-b5a9-6b899ae67290}</UniqueIdentifier>
    </Filter>
    <Filter Include="Window And GUI\Window\Window API">
      <UniqueIdentifier>{d12ab59c-407a-44ff-8ec7-b98e4d8b80d2}</UniqueIdentifier>
    </Filter>
    <Filter Include="Mechanics">
      <UniqueIdentifier>{77d0d484-33d5-4ca5-a8eb-ca77f6483fce}</UniqueIdentifier>
    </Filter>
    <Filter Include="Mechanics\Sampling">
      <UniqueIdentifier>{fa6c5a62-b994-4775-bf20-805638ce0e28}</UniqueIdentifier>
    </Filter>
    <Filter Include="Rendering\Camera\CameraParameters">
      <UniqueIdentifier>{8af3d975-e8a3-4ac8-8479-54db1a746031}</UniqueIdentifier>
    </Filter>
    <Filter Include="Rendering\Shaders\ShaderPosition">
      <UniqueIdentifier>{c52b576a-8140-410e-843d-53451d0e1063}</UniqueIdentifier>
    </Filter>
    <Filter Include="Rendering\Renderer">
      <UniqueIdentifier>{df3112c3-3d12-4ecb-b129-d507540ac445}</UniqueIdentifier>
    </Filter>
    <Filter Include="Window And GUI\GUI">
      <UniqueIdentifier>{ef7eee4c-05ee-4799-8db2-27e723902f90}</UniqueIdentifier>
    </Filter>
    <Filter Include="Rendering\Shaders\Shader">
      <UniqueIdentifier>{fbd8854d-3a3e-4ce0-ab8f-8d79a19368fe}</UniqueIdentifier>
    </Filter>
    <Filter Include="FileOps\Mesh File Loading">
      <UniqueIdentifier>{d7ba1906-1b0e-4f34-b45c-31f6d129d6ab}</UniqueIdentifier>
    </Filter>
    <Filter Include="Data Structures">
      <UniqueIdentifier>{ade9a426-7164-4277-8c7a-e4165280edbe}</UniqueIdentifier>
    </Filter>
    <Filter Include="Data Structures\Graphics Structures">
      <UniqueIdentifier>{ac9534b2-8886-4974-8ae7-d198376d8abc}</UniqueIdentifier>
    </Filter>
    <Filter Include="Data Structures\Graphics Structures\GraphicsData">
      <UniqueIdentifier>{90e07af0-b078-4995-9015-e3f154686324}</UniqueIdentifier>
    </Filter>
    <Filter Include="Data Structures\Graphics Structures\Lists">
      <UniqueIdentifier>{b2cf5b61-47df-4795-810e-5015655c9fba}</UniqueIdentifier>
    </Filter>
    <Filter Include="Data Structures\Graphics Structures\Indices">
      <UniqueIdentifier>{0091298a-7b52-4d31-9452-95ef97628db8}</UniqueIdentifier>
    </Filter>
    <Filter Include="Data Structures\Graphics Structures\Vertex">
      <UniqueIdentifier>{c378287f-02de-4f65-b4a2-a31518043ed9}</UniqueIdentifier>
    </Filter>
    <Filter Include="Data Structures\Search Structures">
      <UniqueIdentifier>{49f28c4e-4fcd-43e2-a1f9-e863e20b4570}</UniqueIdentifier>
    </Filter>
    <Filter Include="Data Structures\Search Structures\Mesh">
      <UniqueIdentifier>{9bfe7ffd-e93e-44bb-852e-1c8765251958}</UniqueIdentifier>
    </Filter>
    <Filter Include="Data Structures\Search Structures\MeshStats">
      <UniqueIdentifier>{dc67609d-bf9c-465b-812d-038fc14b0d0e}</UniqueIdentifier>
    </Filter>
    <Filter Include="Data Structures\Management">
      <UniqueIdentifier>{d1c1eaf7-0cf1-4254-91be-e6c85d4624ab}</UniqueIdentifier>
    </Filter>
    <Filter Include="Data Structures\Management\Mesh_Manager">
      <UniqueIdentifier>{fd41b6f8-c410-4ae6-93a4-b768903ff1fd}</UniqueIdentifier>
    </Filter>
    <Filter Include="Data Structures\Graphics And Search Structure">
      <UniqueIdentifier>{ae79c3db-bc84-4f73-b8bb-78474e3c0d15}</UniqueIdentifier>
    </Filter>
    <Filter Include="Data Structures\Graphics And Search Structure\IndexedTriangle">
      <UniqueIdentifier>{60e67002-3371-445d-af0d-97db70d3ede5}</UniqueIdentifier>
    </Filter>
    <Filter Include="Data Structures\Graphics Structures\Lists\Triangle List">
      <UniqueIdentifier>{9f350489-f819-4fa6-b6f2-1d3cd6cf6f72}</UniqueIdentifier>
    </Filter>
    <Filter Include="Data Structures\Graphics Structures\Lists\Vertex List">
      <UniqueIdentifier>{250672a9-f7ff-4521-8a37-eda69cff4b9b}</UniqueIdentifier>
    </Filter>
    <Filter Include="Data Structures\Graphics Structures\Lists\Indice List">
      <UniqueIdentifier>{6c642001-9be2-4c14-84f9-1c45c727db21}</UniqueIdentifier>
    </Filter>
    <Filter Include="Rendering\Camera\Camera Implementation">
      <UniqueIdentifier>{c7690ac4-fa02-4feb-b305-90b048ea7557}</UniqueIdentifier>
    </Filter>
    <Filter Include="Mechanics\Sculpting">
      <UniqueIdentifier>{5d014eee-9bba-462e-b03e-628a4ae5b2a9}</UniqueIdentifier>
    </Filter>
    <Filter Include="Mechanics\Sampling\Ray Casting">
      <UniqueIdentifier>{0602a549-3604-4cf2-b5f4-0745409d68ff}</UniqueIdentifier>
    </Filter>
    <Filter Include="Math\Topology">
      <UniqueIdentifier>{abbad5a0-66ce-431d-9532-2f342fd3e3f2}</UniqueIdentifier>
    </Filter>
    <Filter Include="Data Structures\Graphics And Search Structure\TriangleAndVertexLookUp">
      <UniqueIdentifier>{263aad85-0741-41f9-a916-628a948af3ef}</UniqueIdentifier>
    </Filter>
    <Filter Include="Window And GUI\GUI\ImGUI Impl">
      <UniqueIdentifier>{65e635db-a968-4b0c-9930-f17beda1ef38}</UniqueIdentifier>
    </Filter>
    <Filter Include="Window And GUI\GUI\ImGUI Impl\src">
      <UniqueIdentifier>{010a7b22-f79b-4e5a-86c1-e36fb4009041}</UniqueIdentifier>
    </Filter>
    <Filter Include="Window And GUI\GUI\ImGUI Impl\header">
      <UniqueIdentifier>{18d6e7af-d2db-4349-b314-c74b49aa065b}</UniqueIdentifier>
    </Filter>
    <Filter Include="Window And GUI\GUI\MainGUI">
      <UniqueIdentifier>{411c42f5-cf17-42e2-91fc-0505cb572f57}</UniqueIdentifier>
    </Filter>
    <Filter Include="Window And GUI\GUI\TopBar">
      <UniqueIdentifier>{390b313d-543e-4062-80f6-b2e09102d1c3}</UniqueIdentifier>
    </Filter>
    <Filter Include="3D Objects">
      <UniqueIdentifier>{c466cc75-5def-4bb1-b599-a08949eff210}</UniqueIdentifier>
    </Filter>
    <Filter Include="3D Objects\Spacial Grid">
      <UniqueIdentifier>{61100c27-eafe-4eb5-8e63-74fb538ce63b}</UniqueIdentifier>
    </Filter>
    <Filter Include="3D Objects\Visual Objects">
      <UniqueIdentifier>{6380adda-d889-481d-8538-b9627bddcaea}</UniqueIdentifier>
    </Filter>
    <Filter Include="Data Structures\Search Structures\EdgeList">
      <UniqueIdentifier>{56aee3be-35d0-4046-b2a7-399b3894823c}</UniqueIdentifier>
    </Filter>
    <Filter Include="Data Structures\Search Structures\Edge">
      <UniqueIdentifier>{00323994-3432-4dca-940c-eb69b8f6c85c}</UniqueIdentifier>
    </Filter>
    <Filter Include="Data Structures\Graphics And Search Structure\TriangleAndVertexLookUp\VertexLookUp">
      <UniqueIdentifier>{13aef099-b031-43c6-9fc7-8cbba508b862}</UniqueIdentifier>
    </Filter>
    <Filter Include="Data Structures\Graphics And Search Structure\TriangleAndVertexLookUp\TriangleLookUp">
      <UniqueIdentifier>{74b8e9ef-f944-4173-bdd0-97a721f8e598}</UniqueIdentifier>
    </Filter>
    <Filter Include="Data Structures\Search Structures\GEdge">
      <UniqueIdentifier>{a57afe84-eca6-4d4f-b19c-4c7c53bae901}</UniqueIdentifier>
    </Filter>
    <Filter Include="Data Structures\Search Structures\Octree Implementation">
      <UniqueIdentifier>{3262abad-47cc-4235-84b1-3b7efae5ec23}</UniqueIdentifier>
    </Filter>
    <Filter Include="Data Structures\Search Structures\Octree Implementation\OctreeStats">
      <UniqueIdentifier>{0ff7b123-bcfb-4ee6-8cfb-11d3a34a468b}</UniqueIdentifier>
    </Filter>
    <Filter Include="Data Structures\Search Structures\Octree Implementation\Octree">
      <UniqueIdentifier>{534e2f94-f03d-43bd-b539-f97fb2a48a5c}</UniqueIdentifier>
    </Filter>
    <Filter Include="Data Structures\Search Structures\Octree Implementation\Octant">
      <UniqueIdentifier>{6ca5ace5-5a13-4ca5-ba54-a2d346059f8e}</UniqueIdentifier>
    </Filter>
    <Filter Include="Data Structures\Search Structures\Octree Implementation\Octree Helpers">
      <UniqueIdentifier>{2e8c40a5-fb0d-4cb1-81a4-1c3c10ec91de}</UniqueIdentifier>
    </Filter>
    <Filter Include="Data Structures\Search Structures\Octree Implementation\Octree Helpers\TriangleOctantKeyPairList">
      <UniqueIdentifier>{cafb1551-484a-45ba-8e0b-dd1e230c9839}</UniqueIdentifier>
    </Filter>
    <Filter Include="Data Structures\Search Structures\Octree Implementation\Octree Helpers\TriangleOctantKeyPairList\TriangleOctantKeyPair">
      <UniqueIdentifier>{d33a8261-6dcb-46ad-a78e-9de8b323c2f7}</UniqueIdentifier>
    </Filter>
    <Filter Include="Data Structures\Search Structures\Octree Implementation\Octree Helpers\OctreeCollision">
      <UniqueIdentifier>{ced1ed22-05d2-4f29-bcc4-2495bd67a2e5}</UniqueIdentifier>
    </Filter>
    <Filter Include="Data Structures\Search Structures\Octree Implementation\Octree Helpers\VertexIDHashing">
      <UniqueIdentifier>{cde618c8-2420-44e9-a50b-2acf7bcd8807}</UniqueIdentifier>
    </Filter>
    <Filter Include="Mechanics\Sampling\SamplerPayload">
      <UniqueIdentifier>{1e574261-b2a5-4808-9dc5-e4e0628badd1}</UniqueIdentifier>
    </Filter>
    <Filter Include="Data Structures\Search Structures\ITree">
      <UniqueIdentifier>{da970e6c-3f06-4d72-a20f-67a51de71a74}</UniqueIdentifier>
    </Filter>
    <Filter Include="Data Structures\Search Structures\ITree\node">
      <UniqueIdentifier>{29319acd-f417-4810-a998-e2b62f9face7}</UniqueIdentifier>
    </Filter>
    <Filter Include="Data Structures\Search Structures\ITree\stats">
      <UniqueIdentifier>{0c9d0e8f-e69f-4b4d-a88e-40d3f2400874}</UniqueIdentifier>
    </Filter>
    <Filter Include="Data Structures\Search Structures\ITree\impl">
      <UniqueIdentifier>{afad5917-e438-4ed9-ac66-426254904956}</UniqueIdentifier>
    </Filter>
    <Filter Include="Data Structures\Search Structures\ITree\node list">
      <UniqueIdentifier>{728df663-73e4-4916-a6fc-520149d91dc7}</UniqueIdentifier>
    </Filter>
    <Filter Include="Data Structures\Search Structures\ITree\node\Box">
      <UniqueIdentifier>{3bb7aeb6-5073-4419-9056-cbc419c8a851}</UniqueIdentifier>
    </Filter>
    <Filter Include="Data Structures\Search Structures\ITree\node\INodeMortonCode">
      <UniqueIdentifier>{36776766-54ce-4879-b118-4a70aa7dc496}</UniqueIdentifier>
    </Filter>
    <Filter Include="Data Structures\Search Structures\ITree\ITreeVisualization">
      <UniqueIdentifier>{92b20465-d8e3-4808-ae5c-43ee011f6956}</UniqueIdentifier>
    </Filter>
    <Filter Include="Data Structures\Search Structures\ITree\ITreeVisualization\ITreeDrawContainer">
      <UniqueIdentifier>{b0b1f840-63cb-4f58-b27e-f64fc956f680}</UniqueIdentifier>
    </Filter>
    <Filter Include="Data Structures\Search Structures\Octree Implementation\Octree Helpers\OctreeIntersection">
      <UniqueIdentifier>{12c025a3-475e-4374-a0ef-c73f90c2feef}</UniqueIdentifier>
    </Filter>
    <Filter Include="Data Structures\Management\MeshChangeLog">
      <UniqueIdentifier>{64eb83b6-39c1-41f2-a86e-a003df151d02}</UniqueIdentifier>
    </Filter>
    <Filter Include="Data Structures\Management\MeshChangeLog\Mesh History">
      <UniqueIdentifier>{d2ffc55d-e413-4968-aeba-d5cfaedabca0}</UniqueIdentifier>
    </Filter>
    <Filter Include="Mechanics\Subdivision">
      <UniqueIdentifier>{05073a2e-f2c5-4fd8-b3bb-41d1094e6cc6}</UniqueIdentifier>
    </Filter>
    <Filter Include="Mechanics\Sculpting\Sculptor">
      <UniqueIdentifier>{f1d5abb0-4ef4-4801-b339-c36853441a61}</UniqueIdentifier>
    </Filter>
    <Filter Include="Mechanics\Sculpting\Sculptor\Smooth">
      <UniqueIdentifier>{ca982535-bb28-4d25-bcd2-62f0e425c371}</UniqueIdentifier>
    </Filter>
  </ItemGroup>
  <ItemGroup>
    <ClCompile Include="Main.cpp">
      <Filter>Main</Filter>
    </ClCompile>
    <ClCompile Include="Window_Class.cpp">
      <Filter>Window And GUI\Window\Window Class</Filter>
    </ClCompile>
    <ClCompile Include="Window_API.cpp">
      <Filter>Window And GUI\Window\Window API</Filter>
    </ClCompile>
    <ClCompile Include="include\glad\glad.c">
      <Filter>Graphics\GraphicsAPI_OpenGL</Filter>
    </ClCompile>
    <ClCompile Include="V3D.cpp">
      <Filter>Data Structures\Graphics Structures\Vertex</Filter>
    </ClCompile>
    <ClCompile Include="Indices.cpp">
      <Filter>Data Structures\Graphics Structures\Indices</Filter>
    </ClCompile>
    <ClCompile Include="VertexList.cpp">
      <Filter>Data Structures\Graphics Structures\Lists\Vertex List</Filter>
    </ClCompile>
    <ClCompile Include="TriangleList.cpp">
      <Filter>Data Structures\Graphics Structures\Lists\Triangle List</Filter>
    </ClCompile>
    <ClCompile Include="GraphicsBufferObjects.cpp">
      <Filter>Graphics\BufferObjects</Filter>
    </ClCompile>
    <ClCompile Include="Color.cpp">
      <Filter>Graphics\Color</Filter>
    </ClCompile>
    <ClCompile Include="GraphicsData.cpp">
      <Filter>Data Structures\Graphics Structures\GraphicsData</Filter>
    </ClCompile>
    <ClCompile Include="OpenGLWrapper.cpp">
      <Filter>Graphics\OpenGLWrapper</Filter>
    </ClCompile>
    <ClCompile Include="CameraParameters.cpp">
      <Filter>Rendering\Camera\CameraParameters</Filter>
    </ClCompile>
    <ClCompile Include="KeyInput.cpp">
      <Filter>Window And GUI\Window\Window API</Filter>
    </ClCompile>
    <ClCompile Include="ShaderPosition.cpp">
      <Filter>Rendering\Shaders\ShaderPosition</Filter>
    </ClCompile>
    <ClCompile Include="Mesh.cpp">
      <Filter>Data Structures\Search Structures\Mesh</Filter>
    </ClCompile>
    <ClCompile Include="Renderer.cpp">
      <Filter>Rendering\Renderer</Filter>
    </ClCompile>
    <ClCompile Include="Mesh_Manager.cpp">
      <Filter>Data Structures\Management\Mesh_Manager</Filter>
    </ClCompile>
    <ClCompile Include="MeshStats.cpp">
      <Filter>Data Structures\Search Structures\MeshStats</Filter>
    </ClCompile>
    <ClCompile Include="Shader.cpp">
      <Filter>Rendering\Shaders\Shader</Filter>
    </ClCompile>
    <ClCompile Include="MeshFileLoader.cpp">
      <Filter>FileOps\Mesh File Loading</Filter>
    </ClCompile>
    <ClCompile Include="IndexedTriangle.cpp">
      <Filter>Data Structures\Graphics And Search Structure\IndexedTriangle</Filter>
    </ClCompile>
    <ClCompile Include="RayCasting.cpp">
      <Filter>Mechanics\Sampling\Ray Casting</Filter>
    </ClCompile>
    <ClCompile Include="IndiceList.cpp">
      <Filter>Data Structures\Graphics Structures\Lists\Indice List</Filter>
    </ClCompile>
    <ClCompile Include="Camera.cpp">
      <Filter>Rendering\Camera\Camera Implementation</Filter>
    </ClCompile>
    <ClCompile Include="Sampler.cpp">
      <Filter>Mechanics\Sampling</Filter>
    </ClCompile>
    <ClCompile Include="TopologyComputation.cpp">
      <Filter>Math\Topology</Filter>
    </ClCompile>
    <ClCompile Include="include\IMGUI\imgui.cpp">
      <Filter>Window And GUI\GUI\ImGUI Impl\src</Filter>
    </ClCompile>
    <ClCompile Include="include\IMGUI\imgui_demo.cpp">
      <Filter>Window And GUI\GUI\ImGUI Impl\src</Filter>
    </ClCompile>
    <ClCompile Include="include\IMGUI\imgui_draw.cpp">
      <Filter>Window And GUI\GUI\ImGUI Impl\src</Filter>
    </ClCompile>
    <ClCompile Include="include\IMGUI\imgui_impl_glfw.cpp">
      <Filter>Window And GUI\GUI\ImGUI Impl\src</Filter>
    </ClCompile>
    <ClCompile Include="include\IMGUI\imgui_impl_opengl3.cpp">
      <Filter>Window And GUI\GUI\ImGUI Impl\src</Filter>
    </ClCompile>
    <ClCompile Include="include\IMGUI\imgui_tables.cpp">
      <Filter>Window And GUI\GUI\ImGUI Impl\src</Filter>
    </ClCompile>
    <ClCompile Include="include\IMGUI\imgui_widgets.cpp">
      <Filter>Window And GUI\GUI\ImGUI Impl\src</Filter>
    </ClCompile>
    <ClCompile Include="GUI.cpp">
      <Filter>Window And GUI\GUI\MainGUI</Filter>
    </ClCompile>
    <ClCompile Include="TopBar.cpp">
      <Filter>Window And GUI\GUI\TopBar</Filter>
    </ClCompile>
    <ClCompile Include="Grid.cpp">
      <Filter>3D Objects\Spacial Grid</Filter>
    </ClCompile>
    <ClCompile Include="VisualObjects.cpp">
      <Filter>3D Objects\Visual Objects</Filter>
    </ClCompile>
    <ClCompile Include="Edge.cpp">
      <Filter>Data Structures\Search Structures\Edge</Filter>
    </ClCompile>
    <ClCompile Include="EdgeList.cpp">
      <Filter>Data Structures\Search Structures\EdgeList</Filter>
    </ClCompile>
    <ClCompile Include="VertexLookUp.cpp">
      <Filter>Data Structures\Graphics And Search Structure\TriangleAndVertexLookUp\VertexLookUp</Filter>
    </ClCompile>
    <ClCompile Include="TriangleLookUp.cpp">
      <Filter>Data Structures\Graphics And Search Structure\TriangleAndVertexLookUp\TriangleLookUp</Filter>
    </ClCompile>
    <ClCompile Include="GEdge.cpp">
      <Filter>Data Structures\Search Structures\GEdge</Filter>
    </ClCompile>
    <ClCompile Include="Octree.cpp">
      <Filter>Data Structures\Search Structures\Octree Implementation\Octree</Filter>
    </ClCompile>
    <ClCompile Include="TriangleOctantKeyPair.cpp">
      <Filter>Data Structures\Search Structures\Octree Implementation\Octree Helpers\TriangleOctantKeyPairList\TriangleOctantKeyPair</Filter>
    </ClCompile>
    <ClCompile Include="TriangleOctantKeyPairList.cpp">
      <Filter>Data Structures\Search Structures\Octree Implementation\Octree Helpers\TriangleOctantKeyPairList</Filter>
    </ClCompile>
    <ClCompile Include="SamplerPayload.cpp">
      <Filter>Mechanics\Sampling\SamplerPayload</Filter>
    </ClCompile>
    <ClCompile Include="INode.cpp">
      <Filter>Data Structures\Search Structures\ITree\node</Filter>
    </ClCompile>
    <ClCompile Include="ITreeStats.cpp">
      <Filter>Data Structures\Search Structures\ITree\stats</Filter>
    </ClCompile>
    <ClCompile Include="ITree.cpp">
      <Filter>Data Structures\Search Structures\ITree\impl</Filter>
    </ClCompile>
    <ClCompile Include="IndexNodeList.cpp">
      <Filter>Data Structures\Search Structures\ITree\node list</Filter>
    </ClCompile>
    <ClCompile Include="INodeBox.cpp">
      <Filter>Data Structures\Search Structures\ITree\node\Box</Filter>
    </ClCompile>
    <ClCompile Include="INodeMortonCode.cpp">
      <Filter>Data Structures\Search Structures\ITree\node\INodeMortonCode</Filter>
    </ClCompile>
    <ClCompile Include="LinearAlgebra.cpp">
      <Filter>Math</Filter>
    </ClCompile>
    <ClCompile Include="ITreeVisualization.cpp">
      <Filter>Data Structures\Search Structures\ITree\ITreeVisualization</Filter>
    </ClCompile>
    <ClCompile Include="ItreeDrawContainer.cpp">
      <Filter>Data Structures\Search Structures\ITree\ITreeVisualization\ITreeDrawContainer</Filter>
    </ClCompile>
    <ClCompile Include="OctreeIntersection.cpp">
      <Filter>Data Structures\Search Structures\Octree Implementation\Octree Helpers\OctreeIntersection</Filter>
    </ClCompile>
    <ClCompile Include="OctreeElements.cpp">
      <Filter>Data Structures\Search Structures\Octree Implementation\Octree</Filter>
    </ClCompile>
    <ClCompile Include="OctreeOctant.cpp">
      <Filter>Data Structures\Search Structures\Octree Implementation\Octree</Filter>
    </ClCompile>
    <ClCompile Include="SubdivisionSurface.cpp">
      <Filter>Mechanics\Subdivision</Filter>
    </ClCompile>
    <ClCompile Include="MeshChangeLog.cpp">
      <Filter>Data Structures\Management\MeshChangeLog</Filter>
    </ClCompile>
    <ClCompile Include="MeshHistory.cpp">
      <Filter>Data Structures\Management\MeshChangeLog\Mesh History</Filter>
    </ClCompile>
    <ClCompile Include="Smoothing.cpp">
      <Filter>Mechanics\Sculpting\Sculptor\Smooth</Filter>
    </ClCompile>
    <ClCompile Include="SculptBrush.cpp">
      <Filter>Mechanics\Sculpting\Sculptor</Filter>
    </ClCompile>
  </ItemGroup>
  <ItemGroup>
    <ClInclude Include="Main.hpp">
      <Filter>Main</Filter>
    </ClInclude>
    <ClInclude Include="Macro.hpp">
      <Filter>Macro</Filter>
    </ClInclude>
    <ClInclude Include="MathDefinitions.hpp">
      <Filter>Math</Filter>
    </ClInclude>
    <ClInclude Include="Window_Class.hpp">
      <Filter>Window And GUI\Window\Window Class</Filter>
    </ClInclude>
    <ClInclude Include="Window_API.hpp">
      <Filter>Window And GUI\Window\Window API</Filter>
    </ClInclude>
    <ClInclude Include="V3D.hpp">
      <Filter>Data Structures\Graphics Structures\Vertex</Filter>
    </ClInclude>
    <ClInclude Include="Indices.hpp">
      <Filter>Data Structures\Graphics Structures\Indices</Filter>
    </ClInclude>
    <ClInclude Include="VertexList.hpp">
      <Filter>Data Structures\Graphics Structures\Lists\Vertex List</Filter>
    </ClInclude>
    <ClInclude Include="TriangleList.hpp">
      <Filter>Data Structures\Graphics Structures\Lists\Triangle List</Filter>
    </ClInclude>
    <ClInclude Include="GraphicsData.hpp">
      <Filter>Data Structures\Graphics Structures\GraphicsData</Filter>
    </ClInclude>
    <ClInclude Include="GraphicsBufferObjects.hpp">
      <Filter>Graphics\BufferObjects</Filter>
    </ClInclude>
    <ClInclude Include="Color.hpp">
      <Filter>Graphics\Color</Filter>
    </ClInclude>
    <ClInclude Include="OpenGLWrapper.hpp">
      <Filter>Graphics\OpenGLWrapper</Filter>
    </ClInclude>
    <ClInclude Include="CameraParameters.hpp">
      <Filter>Rendering\Camera\CameraParameters</Filter>
    </ClInclude>
    <ClInclude Include="KeyInput.hpp">
      <Filter>Window And GUI\Window\Window API</Filter>
    </ClInclude>
    <ClInclude Include="LinearAlgebra.hpp">
      <Filter>Math</Filter>
    </ClInclude>
    <ClInclude Include="ShaderPosition.hpp">
      <Filter>Rendering\Shaders\ShaderPosition</Filter>
    </ClInclude>
    <ClInclude Include="Mesh.hpp">
      <Filter>Data Structures\Search Structures\Mesh</Filter>
    </ClInclude>
    <ClInclude Include="Renderer.hpp">
      <Filter>Rendering\Renderer</Filter>
    </ClInclude>
    <ClInclude Include="Mesh_Manager.hpp">
      <Filter>Data Structures\Management\Mesh_Manager</Filter>
    </ClInclude>
    <ClInclude Include="MeshStats.hpp">
      <Filter>Data Structures\Search Structures\MeshStats</Filter>
    </ClInclude>
    <ClInclude Include="Shader.hpp">
      <Filter>Rendering\Shaders\Shader</Filter>
    </ClInclude>
    <ClInclude Include="MeshFileLoader.hpp">
      <Filter>FileOps\Mesh File Loading</Filter>
    </ClInclude>
    <ClInclude Include="IndexedTriangle.hpp">
      <Filter>Data Structures\Graphics And Search Structure\IndexedTriangle</Filter>
    </ClInclude>
    <ClInclude Include="RayCasting.hpp">
      <Filter>Mechanics\Sampling\Ray Casting</Filter>
    </ClInclude>
    <ClInclude Include="IndiceList.hpp">
      <Filter>Data Structures\Graphics Structures\Lists\Indice List</Filter>
    </ClInclude>
    <ClInclude Include="Camera.hpp">
      <Filter>Rendering\Camera\Camera Implementation</Filter>
    </ClInclude>
    <ClInclude Include="Sampler.hpp">
      <Filter>Mechanics\Sampling</Filter>
    </ClInclude>
    <ClInclude Include="TopologyComputation.hpp">
      <Filter>Math\Topology</Filter>
    </ClInclude>
    <ClInclude Include="include\IMGUI\imconfig.h">
      <Filter>Window And GUI\GUI\ImGUI Impl\header</Filter>
    </ClInclude>
    <ClInclude Include="include\IMGUI\imgui.h">
      <Filter>Window And GUI\GUI\ImGUI Impl\header</Filter>
    </ClInclude>
    <ClInclude Include="include\IMGUI\imgui_impl_glfw.h">
      <Filter>Window And GUI\GUI\ImGUI Impl\header</Filter>
    </ClInclude>
    <ClInclude Include="include\IMGUI\imgui_impl_opengl3.h">
      <Filter>Window And GUI\GUI\ImGUI Impl\header</Filter>
    </ClInclude>
    <ClInclude Include="include\IMGUI\imgui_impl_opengl3_loader.h">
      <Filter>Window And GUI\GUI\ImGUI Impl\header</Filter>
    </ClInclude>
    <ClInclude Include="include\IMGUI\imgui_internal.h">
      <Filter>Window And GUI\GUI\ImGUI Impl\header</Filter>
    </ClInclude>
    <ClInclude Include="include\IMGUI\imstb_rectpack.h">
      <Filter>Window And GUI\GUI\ImGUI Impl\header</Filter>
    </ClInclude>
    <ClInclude Include="include\IMGUI\imstb_textedit.h">
      <Filter>Window And GUI\GUI\ImGUI Impl\header</Filter>
    </ClInclude>
    <ClInclude Include="include\IMGUI\imstb_truetype.h">
      <Filter>Window And GUI\GUI\ImGUI Impl\header</Filter>
    </ClInclude>
    <ClInclude Include="GUI.hpp">
      <Filter>Window And GUI\GUI\MainGUI</Filter>
    </ClInclude>
    <ClInclude Include="TopBar.hpp">
      <Filter>Window And GUI\GUI\TopBar</Filter>
    </ClInclude>
    <ClInclude Include="Grid.hpp">
      <Filter>3D Objects\Spacial Grid</Filter>
    </ClInclude>
    <ClInclude Include="VisualObjects.hpp">
      <Filter>3D Objects\Visual Objects</Filter>
    </ClInclude>
    <ClInclude Include="Edge.hpp">
      <Filter>Data Structures\Search Structures\Edge</Filter>
    </ClInclude>
    <ClInclude Include="EdgeList.hpp">
      <Filter>Data Structures\Search Structures\EdgeList</Filter>
    </ClInclude>
    <ClInclude Include="Smoothing.hpp">
      <Filter>Mechanics\Sculpting\Sculptor\Smooth</Filter>
    </ClInclude>
    <ClInclude Include="VertexLookUp.hpp">
      <Filter>Data Structures\Graphics And Search Structure\TriangleAndVertexLookUp\VertexLookUp</Filter>
    </ClInclude>
    <ClInclude Include="TriangleLookUp.hpp">
      <Filter>Data Structures\Graphics And Search Structure\TriangleAndVertexLookUp\TriangleLookUp</Filter>
    </ClInclude>
    <ClInclude Include="GEdge.hpp">
      <Filter>Data Structures\Search Structures\GEdge</Filter>
    </ClInclude>
    <ClInclude Include="Octant.hpp">
      <Filter>Data Structures\Search Structures\Octree Implementation\Octant</Filter>
    </ClInclude>
    <ClInclude Include="Octree.hpp">
      <Filter>Data Structures\Search Structures\Octree Implementation\Octree</Filter>
    </ClInclude>
    <ClInclude Include="OctreeStats.hpp">
      <Filter>Data Structures\Search Structures\Octree Implementation\OctreeStats</Filter>
    </ClInclude>
    <ClInclude Include="TriangleOctantKeyPair.hpp">
      <Filter>Data Structures\Search Structures\Octree Implementation\Octree Helpers\TriangleOctantKeyPairList\TriangleOctantKeyPair</Filter>
    </ClInclude>
    <ClInclude Include="TriangleOctantKeyPairList.hpp">
      <Filter>Data Structures\Search Structures\Octree Implementation\Octree Helpers\TriangleOctantKeyPairList</Filter>
    </ClInclude>
    <ClInclude Include="OctreeCollision.hpp">
      <Filter>Data Structures\Search Structures\Octree Implementation\Octree Helpers\OctreeCollision</Filter>
    </ClInclude>
    <ClInclude Include="VertexIDHashing.hpp">
      <Filter>Data Structures\Search Structures\Octree Implementation\Octree Helpers\VertexIDHashing</Filter>
    </ClInclude>
    <ClInclude Include="SamplerPayload.hpp">
      <Filter>Mechanics\Sampling\SamplerPayload</Filter>
    </ClInclude>
    <ClInclude Include="INode.hpp">
      <Filter>Data Structures\Search Structures\ITree\node</Filter>
    </ClInclude>
    <ClInclude Include="ITreeStats.hpp">
      <Filter>Data Structures\Search Structures\ITree\stats</Filter>
    </ClInclude>
    <ClInclude Include="ITree.hpp">
      <Filter>Data Structures\Search Structures\ITree\impl</Filter>
    </ClInclude>
    <ClInclude Include="INodeBox.hpp">
      <Filter>Data Structures\Search Structures\ITree\node\Box</Filter>
    </ClInclude>
    <ClInclude Include="INodeMortonCode.hpp">
      <Filter>Data Structures\Search Structures\ITree\node\INodeMortonCode</Filter>
    </ClInclude>
    <ClInclude Include="ITreeVisualization.hpp">
      <Filter>Data Structures\Search Structures\ITree\ITreeVisualization</Filter>
    </ClInclude>
    <ClInclude Include="ItreeDrawContainer.hpp">
      <Filter>Data Structures\Search Structures\ITree\ITreeVisualization\ITreeDrawContainer</Filter>
    </ClInclude>
    <ClInclude Include="OctreeIntersection.hpp">
      <Filter>Data Structures\Search Structures\Octree Implementation\Octree Helpers\OctreeIntersection</Filter>
    </ClInclude>
    <ClInclude Include="SubdivisionSurface.hpp">
      <Filter>Mechanics\Subdivision</Filter>
    </ClInclude>
    <ClInclude Include="MeshChangeLog.hpp">
      <Filter>Data Structures\Management\MeshChangeLog</Filter>
    </ClInclude>
    <ClInclude Include="MeshHistory.hpp">
      <Filter>Data Structures\Management\MeshChangeLog\Mesh History</Filter>
    </ClInclude>
    <ClInclude Include="SculptBrush.hpp">
      <Filter>Mechanics\Sculpting\Sculptor</Filter>
    </ClInclude>
  </ItemGroup>
  <ItemGroup>
    <None Include="WireFrameShader.vert">
      <Filter>Rendering\Shaders\WireFrameShader</Filter>
    </None>
    <None Include="WireFrameShader.frag">
      <Filter>Rendering\Shaders\WireFrameShader</Filter>
    </None>
    <None Include="StandardShader.vert">
      <Filter>Rendering\Shaders\StandardShader</Filter>
    </None>
    <None Include="StandardShader.frag">
      <Filter>Rendering\Shaders\StandardShader</Filter>
    </None>
    <None Include="cube.gum">
      <Filter>3D Models\.gum files</Filter>
    </None>
    <None Include="sphere.gum">
      <Filter>3D Models\.gum files</Filter>
    </None>
    <None Include="IndexNodeList.hpp">
      <Filter>Data Structures\Search Structures\ITree\node list</Filter>
    </None>
  </ItemGroup>
</Project>